
Microsoft Visual Studio Solution File, Format Version 12.00
# Visual Studio 14
VisualStudioVersion = 14.0.25420.1
MinimumVisualStudioVersion = 10.0.40219.1
Project("{FAE04EC0-301F-11D3-BF4B-00C04F79EFBC}") = "Sample.Domain", "Sample.Domain\Sample.Domain.csproj", "{CB189BE2-69B4-44A7-9C00-8BD7E88E364B}"
EndProject
Project("{FAE04EC0-301F-11D3-BF4B-00C04F79EFBC}") = "Sample.Datastore", "Sample.Datastore\Sample.Datastore.csproj", "{110F3C1E-0B2B-4A55-AFF0-2F80BD49A453}"
EndProject
Project("{2150E333-8FDC-42A3-9474-1A3956D46DE8}") = "Tests", "Tests", "{E5F2E421-FEDD-485D-8858-764BF2780BD9}"
EndProject
Project("{FAE04EC0-301F-11D3-BF4B-00C04F79EFBC}") = "Sample.Service", "Sample.Service\Sample.Service.csproj", "{5F311B54-4B77-4CAA-87D1-9F3CE723A26E}"
EndProject
Project("{FAE04EC0-301F-11D3-BF4B-00C04F79EFBC}") = "Sample.WebApi", "Sample.WebApi\Sample.WebApi.csproj", "{36BB7E5D-FF9F-49F0-B880-6E26DCB76C43}"
EndProject
Global
	GlobalSection(SolutionConfigurationPlatforms) = preSolution
		Debug|Any CPU = Debug|Any CPU
		Release|Any CPU = Release|Any CPU
	EndGlobalSection
	GlobalSection(ProjectConfigurationPlatforms) = postSolution
		{CB189BE2-69B4-44A7-9C00-8BD7E88E364B}.Debug|Any CPU.ActiveCfg = Debug|Any CPU
		{CB189BE2-69B4-44A7-9C00-8BD7E88E364B}.Debug|Any CPU.Build.0 = Debug|Any CPU
		{CB189BE2-69B4-44A7-9C00-8BD7E88E364B}.Release|Any CPU.ActiveCfg = Release|Any CPU
		{CB189BE2-69B4-44A7-9C00-8BD7E88E364B}.Release|Any CPU.Build.0 = Release|Any CPU
		{110F3C1E-0B2B-4A55-AFF0-2F80BD49A453}.Debug|Any CPU.ActiveCfg = Debug|Any CPU
		{110F3C1E-0B2B-4A55-AFF0-2F80BD49A453}.Debug|Any CPU.Build.0 = Debug|Any CPU
		{110F3C1E-0B2B-4A55-AFF0-2F80BD49A453}.Release|Any CPU.ActiveCfg = Release|Any CPU
		{110F3C1E-0B2B-4A55-AFF0-2F80BD49A453}.Release|Any CPU.Build.0 = Release|Any CPU
		{5F311B54-4B77-4CAA-87D1-9F3CE723A26E}.Debug|Any CPU.ActiveCfg = Debug|Any CPU
		{5F311B54-4B77-4CAA-87D1-9F3CE723A26E}.Debug|Any CPU.Build.0 = Debug|Any CPU
		{5F311B54-4B77-4CAA-87D1-9F3CE723A26E}.Release|Any CPU.ActiveCfg = Release|Any CPU
		{5F311B54-4B77-4CAA-87D1-9F3CE723A26E}.Release|Any CPU.Build.0 = Release|Any CPU
		{36BB7E5D-FF9F-49F0-B880-6E26DCB76C43}.Debug|Any CPU.ActiveCfg = Debug|Any CPU
		{36BB7E5D-FF9F-49F0-B880-6E26DCB76C43}.Debug|Any CPU.Build.0 = Debug|Any CPU
		{36BB7E5D-FF9F-49F0-B880-6E26DCB76C43}.Release|Any CPU.ActiveCfg = Release|Any CPU
		{36BB7E5D-FF9F-49F0-B880-6E26DCB76C43}.Release|Any CPU.Build.0 = Release|Any CPU
	EndGlobalSection
	GlobalSection(SolutionProperties) = preSolution
		HideSolutionNode = FALSE
	EndGlobalSection
EndGlobal
