
Microsoft Visual Studio Solution File, Format Version 12.00
# Visual Studio 14
VisualStudioVersion = 14.0.25420.1
MinimumVisualStudioVersion = 10.0.40219.1
Project("{FAE04EC0-301F-11D3-BF4B-00C04F79EFBC}") = "Sample.Domain", "Sample.Domain\Sample.Domain.csproj", "{CB189BE2-69B4-44A7-9C00-8BD7E88E364B}"
EndProject
Project("{FAE04EC0-301F-11D3-BF4B-00C04F79EFBC}") = "Sample.Datastore", "Sample.Datastore\Sample.Datastore.csproj", "{110F3C1E-0B2B-4A55-AFF0-2F80BD49A453}"
EndProject
Project("{2150E333-8FDC-42A3-9474-1A3956D46DE8}") = "SpecFlow", "SpecFlow", "{E5F2E421-FEDD-485D-8858-764BF2780BD9}"
EndProject
Project("{FAE04EC0-301F-11D3-BF4B-00C04F79EFBC}") = "Sample.Service", "Sample.Service\Sample.Service.csproj", "{5F311B54-4B77-4CAA-87D1-9F3CE723A26E}"
EndProject
Project("{FAE04EC0-301F-11D3-BF4B-00C04F79EFBC}") = "Sample.WebApi", "Sample.WebApi\Sample.WebApi.csproj", "{36BB7E5D-FF9F-49F0-B880-6E26DCB76C43}"
EndProject
Project("{FAE04EC0-301F-11D3-BF4B-00C04F79EFBC}") = "Sample.TestFramework", "Sample.TestFramework\Sample.TestFramework.csproj", "{98FE0610-3D95-4C90-AD38-7B4BCCAE8B77}"
EndProject
Project("{FAE04EC0-301F-11D3-BF4B-00C04F79EFBC}") = "Sample.WebApi.Tests", "Sample.WebApi.Tests\Sample.WebApi.Tests.csproj", "{6AED2D29-D957-4558-AF5E-FA9384145709}"
EndProject
Project("{FAE04EC0-301F-11D3-BF4B-00C04F79EFBC}") = "Sample.Consumers", "Sample.Consumers\Sample.Consumers.csproj", "{2FB6E02B-6563-455D-9923-591406595859}"
EndProject
Project("{FAE04EC0-301F-11D3-BF4B-00C04F79EFBC}") = "Sample.WebApi.Contract", "Sample.WebApi.Contract\Sample.WebApi.Contract.csproj", "{E6F77D14-E77B-4B28-9049-1EC377358A06}"
EndProject
Project("{FAE04EC0-301F-11D3-BF4B-00C04F79EFBC}") = "Sample.WebApi.Client.Interfaces", "Sample.WebApi.Client.Interfaces\Sample.WebApi.Client.Interfaces.csproj", "{29DA8D2C-1BA6-4E86-88F2-9D8E8876140E}"
EndProject
Project("{FAE04EC0-301F-11D3-BF4B-00C04F79EFBC}") = "Sample.WebApi.Client", "Sample.WebApi.Client\Sample.WebApi.Client.csproj", "{B2E70CA1-3EB6-47D4-B098-658E1C273AA7}"
EndProject
Project("{FAE04EC0-301F-11D3-BF4B-00C04F79EFBC}") = "Sample.WebApi.Client.Console", "Sample.WebApi.Client.Console\Sample.WebApi.Client.Console.csproj", "{9FB2E959-4196-4660-9DA1-CA03B4434EE9}"
EndProject
Project("{2150E333-8FDC-42A3-9474-1A3956D46DE8}") = "WebApi", "WebApi", "{2911AA6D-3AF3-406D-A9A2-3808BD685A8E}"
EndProject
Project("{2150E333-8FDC-42A3-9474-1A3956D46DE8}") = "Nlog", "Nlog", "{42E8B37C-4624-4BBB-95D5-639B8D46D5D7}"
EndProject
Project("{FAE04EC0-301F-11D3-BF4B-00C04F79EFBC}") = "Sample.NLog.Console", "Sample.NLog.Console\Sample.NLog.Console.csproj", "{324D12F6-87B4-47B6-B019-70C4CF1F9174}"
EndProject
Project("{FAE04EC0-301F-11D3-BF4B-00C04F79EFBC}") = "Sample.NLog.Extensions", "Sample.NLog.Extensions\Sample.NLog.Extensions.csproj", "{CAEDAAB8-6CBC-4819-A38D-9BC6111A2307}"
EndProject
Project("{FAE04EC0-301F-11D3-BF4B-00C04F79EFBC}") = "Sample.NLog.Test", "Sample.NLog.Test\Sample.NLog.Test.csproj", "{CBD6A3BF-375F-4F5B-A065-6BF684D89F62}"
EndProject
Project("{2150E333-8FDC-42A3-9474-1A3956D46DE8}") = "MsTest", "MsTest", "{F241F009-590B-4704-9806-AEF8FF4012CD}"
EndProject
Project("{2150E333-8FDC-42A3-9474-1A3956D46DE8}") = "Test", "Test", "{8D6C0989-2B79-402E-8821-F5F9E537BBEC}"
EndProject
Project("{2150E333-8FDC-42A3-9474-1A3956D46DE8}") = "Log", "Log", "{04BEFDCC-48FA-4977-8A6E-AE72FB6D48FA}"
EndProject
Global
	GlobalSection(SolutionConfigurationPlatforms) = preSolution
		Debug|Any CPU = Debug|Any CPU
		Release|Any CPU = Release|Any CPU
	EndGlobalSection
	GlobalSection(ProjectConfigurationPlatforms) = postSolution
		{CB189BE2-69B4-44A7-9C00-8BD7E88E364B}.Debug|Any CPU.ActiveCfg = Debug|Any CPU
		{CB189BE2-69B4-44A7-9C00-8BD7E88E364B}.Debug|Any CPU.Build.0 = Debug|Any CPU
		{CB189BE2-69B4-44A7-9C00-8BD7E88E364B}.Release|Any CPU.ActiveCfg = Release|Any CPU
		{CB189BE2-69B4-44A7-9C00-8BD7E88E364B}.Release|Any CPU.Build.0 = Release|Any CPU
		{110F3C1E-0B2B-4A55-AFF0-2F80BD49A453}.Debug|Any CPU.ActiveCfg = Debug|Any CPU
		{110F3C1E-0B2B-4A55-AFF0-2F80BD49A453}.Debug|Any CPU.Build.0 = Debug|Any CPU
		{110F3C1E-0B2B-4A55-AFF0-2F80BD49A453}.Release|Any CPU.ActiveCfg = Release|Any CPU
		{110F3C1E-0B2B-4A55-AFF0-2F80BD49A453}.Release|Any CPU.Build.0 = Release|Any CPU
		{5F311B54-4B77-4CAA-87D1-9F3CE723A26E}.Debug|Any CPU.ActiveCfg = Debug|Any CPU
		{5F311B54-4B77-4CAA-87D1-9F3CE723A26E}.Debug|Any CPU.Build.0 = Debug|Any CPU
		{5F311B54-4B77-4CAA-87D1-9F3CE723A26E}.Release|Any CPU.ActiveCfg = Release|Any CPU
		{5F311B54-4B77-4CAA-87D1-9F3CE723A26E}.Release|Any CPU.Build.0 = Release|Any CPU
		{36BB7E5D-FF9F-49F0-B880-6E26DCB76C43}.Debug|Any CPU.ActiveCfg = Debug|Any CPU
		{36BB7E5D-FF9F-49F0-B880-6E26DCB76C43}.Debug|Any CPU.Build.0 = Debug|Any CPU
		{36BB7E5D-FF9F-49F0-B880-6E26DCB76C43}.Release|Any CPU.ActiveCfg = Release|Any CPU
		{36BB7E5D-FF9F-49F0-B880-6E26DCB76C43}.Release|Any CPU.Build.0 = Release|Any CPU
		{98FE0610-3D95-4C90-AD38-7B4BCCAE8B77}.Debug|Any CPU.ActiveCfg = Debug|Any CPU
		{98FE0610-3D95-4C90-AD38-7B4BCCAE8B77}.Debug|Any CPU.Build.0 = Debug|Any CPU
		{98FE0610-3D95-4C90-AD38-7B4BCCAE8B77}.Release|Any CPU.ActiveCfg = Release|Any CPU
		{98FE0610-3D95-4C90-AD38-7B4BCCAE8B77}.Release|Any CPU.Build.0 = Release|Any CPU
		{6AED2D29-D957-4558-AF5E-FA9384145709}.Debug|Any CPU.ActiveCfg = Debug|Any CPU
		{6AED2D29-D957-4558-AF5E-FA9384145709}.Debug|Any CPU.Build.0 = Debug|Any CPU
		{6AED2D29-D957-4558-AF5E-FA9384145709}.Release|Any CPU.ActiveCfg = Release|Any CPU
		{6AED2D29-D957-4558-AF5E-FA9384145709}.Release|Any CPU.Build.0 = Release|Any CPU
		{2FB6E02B-6563-455D-9923-591406595859}.Debug|Any CPU.ActiveCfg = Debug|Any CPU
		{2FB6E02B-6563-455D-9923-591406595859}.Debug|Any CPU.Build.0 = Debug|Any CPU
		{2FB6E02B-6563-455D-9923-591406595859}.Release|Any CPU.ActiveCfg = Release|Any CPU
		{2FB6E02B-6563-455D-9923-591406595859}.Release|Any CPU.Build.0 = Release|Any CPU
		{E6F77D14-E77B-4B28-9049-1EC377358A06}.Debug|Any CPU.ActiveCfg = Debug|Any CPU
		{E6F77D14-E77B-4B28-9049-1EC377358A06}.Debug|Any CPU.Build.0 = Debug|Any CPU
		{E6F77D14-E77B-4B28-9049-1EC377358A06}.Release|Any CPU.ActiveCfg = Release|Any CPU
		{E6F77D14-E77B-4B28-9049-1EC377358A06}.Release|Any CPU.Build.0 = Release|Any CPU
		{29DA8D2C-1BA6-4E86-88F2-9D8E8876140E}.Debug|Any CPU.ActiveCfg = Debug|Any CPU
		{29DA8D2C-1BA6-4E86-88F2-9D8E8876140E}.Debug|Any CPU.Build.0 = Debug|Any CPU
		{29DA8D2C-1BA6-4E86-88F2-9D8E8876140E}.Release|Any CPU.ActiveCfg = Release|Any CPU
		{29DA8D2C-1BA6-4E86-88F2-9D8E8876140E}.Release|Any CPU.Build.0 = Release|Any CPU
		{B2E70CA1-3EB6-47D4-B098-658E1C273AA7}.Debug|Any CPU.ActiveCfg = Debug|Any CPU
		{B2E70CA1-3EB6-47D4-B098-658E1C273AA7}.Debug|Any CPU.Build.0 = Debug|Any CPU
		{B2E70CA1-3EB6-47D4-B098-658E1C273AA7}.Release|Any CPU.ActiveCfg = Release|Any CPU
		{B2E70CA1-3EB6-47D4-B098-658E1C273AA7}.Release|Any CPU.Build.0 = Release|Any CPU
		{9FB2E959-4196-4660-9DA1-CA03B4434EE9}.Debug|Any CPU.ActiveCfg = Debug|Any CPU
		{9FB2E959-4196-4660-9DA1-CA03B4434EE9}.Debug|Any CPU.Build.0 = Debug|Any CPU
		{9FB2E959-4196-4660-9DA1-CA03B4434EE9}.Release|Any CPU.ActiveCfg = Release|Any CPU
		{9FB2E959-4196-4660-9DA1-CA03B4434EE9}.Release|Any CPU.Build.0 = Release|Any CPU
		{324D12F6-87B4-47B6-B019-70C4CF1F9174}.Debug|Any CPU.ActiveCfg = Debug|Any CPU
		{324D12F6-87B4-47B6-B019-70C4CF1F9174}.Debug|Any CPU.Build.0 = Debug|Any CPU
		{324D12F6-87B4-47B6-B019-70C4CF1F9174}.Release|Any CPU.ActiveCfg = Release|Any CPU
		{324D12F6-87B4-47B6-B019-70C4CF1F9174}.Release|Any CPU.Build.0 = Release|Any CPU
		{CAEDAAB8-6CBC-4819-A38D-9BC6111A2307}.Debug|Any CPU.ActiveCfg = Debug|Any CPU
		{CAEDAAB8-6CBC-4819-A38D-9BC6111A2307}.Debug|Any CPU.Build.0 = Debug|Any CPU
		{CAEDAAB8-6CBC-4819-A38D-9BC6111A2307}.Release|Any CPU.ActiveCfg = Release|Any CPU
		{CAEDAAB8-6CBC-4819-A38D-9BC6111A2307}.Release|Any CPU.Build.0 = Release|Any CPU
		{CBD6A3BF-375F-4F5B-A065-6BF684D89F62}.Debug|Any CPU.ActiveCfg = Debug|Any CPU
		{CBD6A3BF-375F-4F5B-A065-6BF684D89F62}.Debug|Any CPU.Build.0 = Debug|Any CPU
		{CBD6A3BF-375F-4F5B-A065-6BF684D89F62}.Release|Any CPU.ActiveCfg = Release|Any CPU
		{CBD6A3BF-375F-4F5B-A065-6BF684D89F62}.Release|Any CPU.Build.0 = Release|Any CPU
	EndGlobalSection
	GlobalSection(SolutionProperties) = preSolution
		HideSolutionNode = FALSE
	EndGlobalSection
	GlobalSection(NestedProjects) = preSolution
		{E5F2E421-FEDD-485D-8858-764BF2780BD9} = {8D6C0989-2B79-402E-8821-F5F9E537BBEC}
		{36BB7E5D-FF9F-49F0-B880-6E26DCB76C43} = {2911AA6D-3AF3-406D-A9A2-3808BD685A8E}
		{98FE0610-3D95-4C90-AD38-7B4BCCAE8B77} = {E5F2E421-FEDD-485D-8858-764BF2780BD9}
		{6AED2D29-D957-4558-AF5E-FA9384145709} = {E5F2E421-FEDD-485D-8858-764BF2780BD9}
		{E6F77D14-E77B-4B28-9049-1EC377358A06} = {2911AA6D-3AF3-406D-A9A2-3808BD685A8E}
		{29DA8D2C-1BA6-4E86-88F2-9D8E8876140E} = {2911AA6D-3AF3-406D-A9A2-3808BD685A8E}
		{B2E70CA1-3EB6-47D4-B098-658E1C273AA7} = {2911AA6D-3AF3-406D-A9A2-3808BD685A8E}
		{9FB2E959-4196-4660-9DA1-CA03B4434EE9} = {2911AA6D-3AF3-406D-A9A2-3808BD685A8E}
		{42E8B37C-4624-4BBB-95D5-639B8D46D5D7} = {04BEFDCC-48FA-4977-8A6E-AE72FB6D48FA}
		{324D12F6-87B4-47B6-B019-70C4CF1F9174} = {42E8B37C-4624-4BBB-95D5-639B8D46D5D7}
		{CAEDAAB8-6CBC-4819-A38D-9BC6111A2307} = {42E8B37C-4624-4BBB-95D5-639B8D46D5D7}
		{CBD6A3BF-375F-4F5B-A065-6BF684D89F62} = {42E8B37C-4624-4BBB-95D5-639B8D46D5D7}
		{F241F009-590B-4704-9806-AEF8FF4012CD} = {8D6C0989-2B79-402E-8821-F5F9E537BBEC}
	EndGlobalSection
EndGlobal
